
Microsoft Visual Studio Solution File, Format Version 12.00
# Visual Studio Version 17
VisualStudioVersion = 17.8.34601.278
MinimumVisualStudioVersion = 10.0.40219.1
Project("{9A19103F-16F7-4668-BE54-9A1E7A4F7556}") = "Clase 6 de abril", "Clase 6 de abril.csproj", "{CC7E024D-2259-4E9F-9CAF-8E180C6FF1B2}"
EndProject
Project("{FAE04EC0-301F-11D3-BF4B-00C04F79EFBC}") = "WF_Carro", "..\WF_Carro\WF_Carro.csproj", "{90694C46-B3CC-49E1-83D2-DA0BA1550405}"
EndProject
Global
	GlobalSection(SolutionConfigurationPlatforms) = preSolution
		Debug|Any CPU = Debug|Any CPU
		Release|Any CPU = Release|Any CPU
	EndGlobalSection
	GlobalSection(ProjectConfigurationPlatforms) = postSolution
		{CC7E024D-2259-4E9F-9CAF-8E180C6FF1B2}.Debug|Any CPU.ActiveCfg = Debug|Any CPU
		{CC7E024D-2259-4E9F-9CAF-8E180C6FF1B2}.Debug|Any CPU.Build.0 = Debug|Any CPU
		{CC7E024D-2259-4E9F-9CAF-8E180C6FF1B2}.Release|Any CPU.ActiveCfg = Release|Any CPU
		{CC7E024D-2259-4E9F-9CAF-8E180C6FF1B2}.Release|Any CPU.Build.0 = Release|Any CPU
		{90694C46-B3CC-49E1-83D2-DA0BA1550405}.Debug|Any CPU.ActiveCfg = Debug|Any CPU
		{90694C46-B3CC-49E1-83D2-DA0BA1550405}.Debug|Any CPU.Build.0 = Debug|Any CPU
		{90694C46-B3CC-49E1-83D2-DA0BA1550405}.Release|Any CPU.ActiveCfg = Release|Any CPU
		{90694C46-B3CC-49E1-83D2-DA0BA1550405}.Release|Any CPU.Build.0 = Release|Any CPU
	EndGlobalSection
	GlobalSection(SolutionProperties) = preSolution
		HideSolutionNode = FALSE
	EndGlobalSection
	GlobalSection(ExtensibilityGlobals) = postSolution
		SolutionGuid = {73E71905-D1A9-4E80-900E-7F516F69E3D5}
	EndGlobalSection
EndGlobal
